
Microsoft Visual Studio Solution File, Format Version 12.00
# Visual Studio Version 16
VisualStudioVersion = 16.0.30717.126
MinimumVisualStudioVersion = 10.0.40219.1
Project("{FAE04EC0-301F-11D3-BF4B-00C04F79EFBC}") = "TaskSerialize", "C:\Users\Andrew\Desktop\STEP\repos\DemoSerialize\TaskSerialize\TaskSerialize.csproj", "{DACAD156-8835-4745-967C-101BE7CA9C9B}"
EndProject
Project("{FAE04EC0-301F-11D3-BF4B-00C04F79EFBC}") = "WPF_Calculator", "WPF_Calculator\WPF_Calculator.csproj", "{21D2ECC1-380A-45E2-8B84-65EDB7514835}"
EndProject
Project("{FAE04EC0-301F-11D3-BF4B-00C04F79EFBC}") = "WPF_ColoredButtons", "WPF_ColoredButtons\WPF_ColoredButtons.csproj", "{31F0E1F5-1FA7-4876-A336-F1599D2F6F1A}"
EndProject
Global
	GlobalSection(SolutionConfigurationPlatforms) = preSolution
		Debug|Any CPU = Debug|Any CPU
		Release|Any CPU = Release|Any CPU
	EndGlobalSection
	GlobalSection(ProjectConfigurationPlatforms) = postSolution
		{DACAD156-8835-4745-967C-101BE7CA9C9B}.Debug|Any CPU.ActiveCfg = Debug|Any CPU
		{DACAD156-8835-4745-967C-101BE7CA9C9B}.Debug|Any CPU.Build.0 = Debug|Any CPU
		{DACAD156-8835-4745-967C-101BE7CA9C9B}.Release|Any CPU.ActiveCfg = Release|Any CPU
		{DACAD156-8835-4745-967C-101BE7CA9C9B}.Release|Any CPU.Build.0 = Release|Any CPU
		{21D2ECC1-380A-45E2-8B84-65EDB7514835}.Debug|Any CPU.ActiveCfg = Debug|Any CPU
		{21D2ECC1-380A-45E2-8B84-65EDB7514835}.Debug|Any CPU.Build.0 = Debug|Any CPU
		{21D2ECC1-380A-45E2-8B84-65EDB7514835}.Release|Any CPU.ActiveCfg = Release|Any CPU
		{21D2ECC1-380A-45E2-8B84-65EDB7514835}.Release|Any CPU.Build.0 = Release|Any CPU
		{31F0E1F5-1FA7-4876-A336-F1599D2F6F1A}.Debug|Any CPU.ActiveCfg = Debug|Any CPU
		{31F0E1F5-1FA7-4876-A336-F1599D2F6F1A}.Debug|Any CPU.Build.0 = Debug|Any CPU
		{31F0E1F5-1FA7-4876-A336-F1599D2F6F1A}.Release|Any CPU.ActiveCfg = Release|Any CPU
		{31F0E1F5-1FA7-4876-A336-F1599D2F6F1A}.Release|Any CPU.Build.0 = Release|Any CPU
	EndGlobalSection
	GlobalSection(SolutionProperties) = preSolution
		HideSolutionNode = FALSE
	EndGlobalSection
	GlobalSection(ExtensibilityGlobals) = postSolution
		SolutionGuid = {D090FC6F-BEC8-4B0A-B7DA-A10C18592372}
	EndGlobalSection
EndGlobal
